{
  "name": "true-tfjs",
  "version": "1.0.0",
  "lockfileVersion": 1,
  "requires": true,
  "dependencies": {
    "@tensorflow-models/posenet": {
      "version": "2.2.1",
      "resolved": "https://registry.npmjs.org/@tensorflow-models/posenet/-/posenet-2.2.1.tgz",
      "integrity": "sha512-n9/g6DfjAyrBTf/zt1haRCyWsgALxUCzg9/Ks3Y2mbYavRZVSCSTRPy/qlE5Hr4tLfyckGfDN14zmGTthNcg/g=="
    },
    "@tensorflow/tfjs-converter": {
      "version": "1.4.0",
      "resolved": "https://registry.npmjs.org/@tensorflow/tfjs-converter/-/tfjs-converter-1.4.0.tgz",
      "integrity": "sha512-vdZumj6zHcEALtQlonCBbVwGdEEDcPrF7prgzf4HF82QG4RpM1x/kVdvzsGvfUIPYjRImNn0ZSPC3WaKslNcXw=="
    },
    "@tensorflow/tfjs-core": {
      "version": "4.4.0",
      "resolved": "https://registry.npmjs.org/@tensorflow/tfjs-core/-/tfjs-core-4.4.0.tgz",
      "integrity": "sha512-Anxpc7cAOA0Q7EUXdTbQKMg3reFvrdkgDlaYzH9ZfkMq2CgLV4Au6E/s6HmbYn/VrAtWy9mLY5c/lLJqh4764g==",
      "requires": {
        "@types/long": "^4.0.1",
        "@types/offscreencanvas": "~2019.7.0",
        "@types/seedrandom": "^2.4.28",
        "@types/webgl-ext": "0.0.30",
        "@webgpu/types": "0.1.30",
        "long": "4.0.0",
        "node-fetch": "~2.6.1",
        "seedrandom": "^3.0.5"
      }
    },
    "@tensorflow/tfjs-layers": {
      "version": "1.4.0",
      "resolved": "https://registry.npm.taobao.org/@tensorflow/tfjs-layers/download/@tensorflow/tfjs-layers-1.4.0.tgz",
      "integrity": "sha1-9M9up7ibnGEgFMe5pjpKlWNgSpI="
    },
    "@types/long": {
      "version": "4.0.2",
      "resolved": "https://registry.npmjs.org/@types/long/-/long-4.0.2.tgz",
      "integrity": "sha512-MqTGEo5bj5t157U6fA/BiDynNkn0YknVdh48CMPkTSpFTVmvao5UQmm7uEF6xBEo7qIMAlY/JSleYaE6VOdpaA=="
    },
    "@types/offscreencanvas": {
      "version": "2019.7.0",
      "resolved": "https://registry.npmjs.org/@types/offscreencanvas/-/offscreencanvas-2019.7.0.tgz",
      "integrity": "sha512-PGcyveRIpL1XIqK8eBsmRBt76eFgtzuPiSTyKHZxnGemp2yzGzWpjYKAfK3wIMiU7eH+851yEpiuP8JZerTmWg=="
    },
    "@types/seedrandom": {
      "version": "2.4.30",
      "resolved": "https://registry.npmjs.org/@types/seedrandom/-/seedrandom-2.4.30.tgz",
      "integrity": "sha512-AnxLHewubLVzoF/A4qdxBGHCKifw8cY32iro3DQX9TPcetE95zBeVt3jnsvtvAUf1vwzMfwzp4t/L2yqPlnjkQ=="
    },
    "@types/webgl-ext": {
      "version": "0.0.30",
      "resolved": "https://registry.npmjs.org/@types/webgl-ext/-/webgl-ext-0.0.30.tgz",
      "integrity": "sha512-LKVgNmBxN0BbljJrVUwkxwRYqzsAEPcZOe6S2T6ZaBDIrFp0qu4FNlpc5sM1tGbXUYFgdVQIoeLk1Y1UoblyEg=="
    },
    "@webgpu/types": {
      "version": "0.1.30",
      "resolved": "https://registry.npmjs.org/@webgpu/types/-/types-0.1.30.tgz",
      "integrity": "sha512-9AXJSmL3MzY8ZL//JjudA//q+2kBRGhLBFpkdGksWIuxrMy81nFrCzj2Am+mbh8WoU6rXmv7cY5E3rdlyru2Qg=="
    },
    "fetch-wechat": {
      "version": "0.0.3",
      "resolved": "https://registry.npmjs.org/fetch-wechat/-/fetch-wechat-0.0.3.tgz",
      "integrity": "sha512-uEvCnHSaM53AjYmtiU8n7dB3RO4JX4RBxF3lXNf+cBHr5NRclmTAr5XiRtLL2lSdBcRwvLixhnjwCRJhyEKZgQ=="
    },
    "long": {
      "version": "4.0.0",
      "resolved": "https://registry.npmjs.org/long/-/long-4.0.0.tgz",
      "integrity": "sha512-XsP+KhQif4bjX1kbuSiySJFNAehNxgLb6hPRGJ9QsUr8ajHkuXGdrHmFUTUUXhDwVX2R5bY4JNZEwbUiMhV+MA=="
    },
    "node-fetch": {
      "version": "2.6.9",
      "resolved": "https://registry.npmjs.org/node-fetch/-/node-fetch-2.6.9.tgz",
      "integrity": "sha512-DJm/CJkZkRjKKj4Zi4BsKVZh3ValV5IR5s7LVZnW+6YMh0W1BfNA8XSs6DLMGYlId5F3KnA70uu2qepcR08Qqg==",
      "requires": {
        "whatwg-url": "^5.0.0"
      }
    },
    "regenerator-runtime": {
      "version": "0.13.3",
      "resolved": "https://registry.npmjs.org/regenerator-runtime/-/regenerator-runtime-0.13.3.tgz",
      "integrity": "sha512-naKIZz2GQ8JWh///G7L3X6LaQUAMp2lvb1rvwwsURe/VXwD6VMfr+/1NuNw3ag8v2kY1aQ/go5SNn79O9JU7yw=="
    },
    "seedrandom": {
      "version": "3.0.5",
      "resolved": "https://registry.npmjs.org/seedrandom/-/seedrandom-3.0.5.tgz",
      "integrity": "sha512-8OwmbklUNzwezjGInmZ+2clQmExQPvomqjL7LFqOYqtmuxRgQYqOD3mHaU+MvZn5FLUeVxVfQjwLZW/n/JFuqg=="
    },
    "tr46": {
      "version": "0.0.3",
      "resolved": "https://registry.npmjs.org/tr46/-/tr46-0.0.3.tgz",
      "integrity": "sha512-N3WMsuqV66lT30CrXNbEjx4GEwlow3v6rr4mCcv6prnfwhS01rkgyFdjPNBYd9br7LpXV1+Emh01fHnq2Gdgrw=="
    },
    "webidl-conversions": {
      "version": "3.0.1",
      "resolved": "https://registry.npmjs.org/webidl-conversions/-/webidl-conversions-3.0.1.tgz",
      "integrity": "sha512-2JAn3z8AR6rjK8Sm8orRC0h/bcl/DqL7tRPdGZ4I1CjdF+EaMLmYxBHyXuKL849eucPFhvBoxMsflfOb8kxaeQ=="
    },
    "whatwg-url": {
      "version": "5.0.0",
      "resolved": "https://registry.npmjs.org/whatwg-url/-/whatwg-url-5.0.0.tgz",
      "integrity": "sha512-saE57nupxk6v3HY35+jzBwYa0rKSy0XR8JSxZPwgLr7ys0IBzhGviA1/TUGJLmSVqs8pb9AnvICXEuOHLprYTw==",
      "requires": {
        "tr46": "~0.0.3",
        "webidl-conversions": "^3.0.0"
      }
    }
  }
}
